// !$*UTF8*$!
{
	archiveVersion = 1;
	classes = {
	};
	objectVersion = 46;
	objects = {

/* Begin PBXBuildFile section */
		EC0714028A03CC30D4942D94 /* libPods-test.a in Frameworks */ = {isa = PBXBuildFile; fileRef = DDE692F78B23CF0598B257D9 /* libPods-test.a */; };
		F78A8ED71DFE3EAB00853F4E /* main.m in Sources */ = {isa = PBXBuildFile; fileRef = F78A8ED61DFE3EAB00853F4E /* main.m */; };
		F78A8EDA1DFE3EAB00853F4E /* AppDelegate.m in Sources */ = {isa = PBXBuildFile; fileRef = F78A8ED91DFE3EAB00853F4E /* AppDelegate.m */; };
		F78A8EDD1DFE3EAB00853F4E /* ViewController.m in Sources */ = {isa = PBXBuildFile; fileRef = F78A8EDC1DFE3EAB00853F4E /* ViewController.m */; };
		F78A8EE01DFE3EAB00853F4E /* Main.storyboard in Resources */ = {isa = PBXBuildFile; fileRef = F78A8EDE1DFE3EAB00853F4E /* Main.storyboard */; };
		F78A8EE21DFE3EAB00853F4E /* Assets.xcassets in Resources */ = {isa = PBXBuildFile; fileRef = F78A8EE11DFE3EAB00853F4E /* Assets.xcassets */; };
		F78A8EE51DFE3EAB00853F4E /* LaunchScreen.storyboard in Resources */ = {isa = PBXBuildFile; fileRef = F78A8EE31DFE3EAB00853F4E /* LaunchScreen.storyboard */; };
		F83FB2E91E273ADC00A20732 /* LHFSimpleTools.m in Sources */ = {isa = PBXBuildFile; fileRef = F83FB2E81E273ADC00A20732 /* LHFSimpleTools.m */; };
		F83FB2EC1E27BADB00A20732 /* UIView+Frame.m in Sources */ = {isa = PBXBuildFile; fileRef = F83FB2EB1E27BADB00A20732 /* UIView+Frame.m */; };
/* End PBXBuildFile section */

/* Begin PBXFileReference section */
		10A134F10BEF05C7E0C55C19 /* Pods-test.release.xcconfig */ = {isa = PBXFileReference; includeInIndex = 1; lastKnownFileType = text.xcconfig; name = "Pods-test.release.xcconfig"; path = "Pods/Target Support Files/Pods-test/Pods-test.release.xcconfig"; sourceTree = "<group>"; };
		276D4E791B2BEFCA0A97388F /* Pods-test.debug.xcconfig */ = {isa = PBXFileReference; includeInIndex = 1; lastKnownFileType = text.xcconfig; name = "Pods-test.debug.xcconfig"; path = "Pods/Target Support Files/Pods-test/Pods-test.debug.xcconfig"; sourceTree = "<group>"; };
		DDE692F78B23CF0598B257D9 /* libPods-test.a */ = {isa = PBXFileReference; explicitFileType = archive.ar; includeInIndex = 0; path = "libPods-test.a"; sourceTree = BUILT_PRODUCTS_DIR; };
		F78A8ED21DFE3EAB00853F4E /* test.app */ = {isa = PBXFileReference; explicitFileType = wrapper.application; includeInIndex = 0; path = test.app; sourceTree = BUILT_PRODUCTS_DIR; };
		F78A8ED61DFE3EAB00853F4E /* main.m */ = {isa = PBXFileReference; lastKnownFileType = sourcecode.c.objc; path = main.m; sourceTree = "<group>"; };
		F78A8ED81DFE3EAB00853F4E /* AppDelegate.h */ = {isa = PBXFileReference; lastKnownFileType = sourcecode.c.h; path = AppDelegate.h; sourceTree = "<group>"; };
		F78A8ED91DFE3EAB00853F4E /* AppDelegate.m */ = {isa = PBXFileReference; lastKnownFileType = sourcecode.c.objc; path = AppDelegate.m; sourceTree = "<group>"; };
		F78A8EDB1DFE3EAB00853F4E /* ViewController.h */ = {isa = PBXFileReference; lastKnownFileType = sourcecode.c.h; path = ViewController.h; sourceTree = "<group>"; };
		F78A8EDC1DFE3EAB00853F4E /* ViewController.m */ = {isa = PBXFileReference; lastKnownFileType = sourcecode.c.objc; path = ViewController.m; sourceTree = "<group>"; };
		F78A8EDF1DFE3EAB00853F4E /* Base */ = {isa = PBXFileReference; lastKnownFileType = file.storyboard; name = Base; path = Base.lproj/Main.storyboard; sourceTree = "<group>"; };
		F78A8EE11DFE3EAB00853F4E /* Assets.xcassets */ = {isa = PBXFileReference; lastKnownFileType = folder.assetcatalog; path = Assets.xcassets; sourceTree = "<group>"; };
		F78A8EE41DFE3EAB00853F4E /* Base */ = {isa = PBXFileReference; lastKnownFileType = file.storyboard; name = Base; path = Base.lproj/LaunchScreen.storyboard; sourceTree = "<group>"; };
		F78A8EE61DFE3EAB00853F4E /* Info.plist */ = {isa = PBXFileReference; lastKnownFileType = text.plist.xml; path = Info.plist; sourceTree = "<group>"; };
		F83FB2E71E273ADC00A20732 /* LHFSimpleTools.h */ = {isa = PBXFileReference; fileEncoding = 4; lastKnownFileType = sourcecode.c.h; path = LHFSimpleTools.h; sourceTree = "<group>"; };
		F83FB2E81E273ADC00A20732 /* LHFSimpleTools.m */ = {isa = PBXFileReference; fileEncoding = 4; lastKnownFileType = sourcecode.c.objc; path = LHFSimpleTools.m; sourceTree = "<group>"; };
		F83FB2EA1E27BADB00A20732 /* UIView+Frame.h */ = {isa = PBXFileReference; fileEncoding = 4; lastKnownFileType = sourcecode.c.h; path = "UIView+Frame.h"; sourceTree = "<group>"; };
		F83FB2EB1E27BADB00A20732 /* UIView+Frame.m */ = {isa = PBXFileReference; fileEncoding = 4; lastKnownFileType = sourcecode.c.objc; path = "UIView+Frame.m"; sourceTree = "<group>"; };
/* End PBXFileReference section */

/* Begin PBXFrameworksBuildPhase section */
		F78A8ECF1DFE3EAB00853F4E /* Frameworks */ = {
			isa = PBXFrameworksBuildPhase;
			buildActionMask = 2147483647;
			files = (
				EC0714028A03CC30D4942D94 /* libPods-test.a in Frameworks */,
			);
			runOnlyForDeploymentPostprocessing = 0;
		};
/* End PBXFrameworksBuildPhase section */

/* Begin PBXGroup section */
		4E643250FBD2C45CC2BA5E29 /* Pods */ = {
			isa = PBXGroup;
			children = (
				276D4E791B2BEFCA0A97388F /* Pods-test.debug.xcconfig */,
				10A134F10BEF05C7E0C55C19 /* Pods-test.release.xcconfig */,
			);
			name = Pods;
			sourceTree = "<group>";
		};
		A1918A310AE5A2638D126CAD /* Frameworks */ = {
			isa = PBXGroup;
			children = (
				DDE692F78B23CF0598B257D9 /* libPods-test.a */,
			);
			name = Frameworks;
			sourceTree = "<group>";
		};
		F78A8EC91DFE3EAB00853F4E = {
			isa = PBXGroup;
			children = (
				F78A8ED41DFE3EAB00853F4E /* test */,
				F78A8ED31DFE3EAB00853F4E /* Products */,
				4E643250FBD2C45CC2BA5E29 /* Pods */,
				A1918A310AE5A2638D126CAD /* Frameworks */,
			);
			sourceTree = "<group>";
		};
		F78A8ED31DFE3EAB00853F4E /* Products */ = {
			isa = PBXGroup;
			children = (
				F78A8ED21DFE3EAB00853F4E /* test.app */,
			);
			name = Products;
			sourceTree = "<group>";
		};
		F78A8ED41DFE3EAB00853F4E /* test */ = {
			isa = PBXGroup;
			children = (
				F83FB2E61E273AC300A20732 /* LHFSimpleTools */,
				F78A8ED81DFE3EAB00853F4E /* AppDelegate.h */,
				F78A8ED91DFE3EAB00853F4E /* AppDelegate.m */,
				F78A8EDB1DFE3EAB00853F4E /* ViewController.h */,
				F78A8EDC1DFE3EAB00853F4E /* ViewController.m */,
				F78A8EDE1DFE3EAB00853F4E /* Main.storyboard */,
				F78A8EE11DFE3EAB00853F4E /* Assets.xcassets */,
				F78A8EE31DFE3EAB00853F4E /* LaunchScreen.storyboard */,
				F78A8EE61DFE3EAB00853F4E /* Info.plist */,
				F78A8ED51DFE3EAB00853F4E /* Supporting Files */,
			);
			path = test;
			sourceTree = "<group>";
		};
		F78A8ED51DFE3EAB00853F4E /* Supporting Files */ = {
			isa = PBXGroup;
			children = (
				F78A8ED61DFE3EAB00853F4E /* main.m */,
			);
			name = "Supporting Files";
			sourceTree = "<group>";
		};
		F83FB2E61E273AC300A20732 /* LHFSimpleTools */ = {
			isa = PBXGroup;
			children = (
				F83FB2E71E273ADC00A20732 /* LHFSimpleTools.h */,
				F83FB2E81E273ADC00A20732 /* LHFSimpleTools.m */,
				F83FB2EA1E27BADB00A20732 /* UIView+Frame.h */,
				F83FB2EB1E27BADB00A20732 /* UIView+Frame.m */,
			);
			path = LHFSimpleTools;
			sourceTree = SOURCE_ROOT;
		};
/* End PBXGroup section */

/* Begin PBXNativeTarget section */
		F78A8ED11DFE3EAB00853F4E /* test */ = {
			isa = PBXNativeTarget;
			buildConfigurationList = F78A8EE91DFE3EAB00853F4E /* Build configuration list for PBXNativeTarget "test" */;
			buildPhases = (
				9C2C9AFDCB6BD809AAB6DF7D /* [CP] Check Pods Manifest.lock */,
				F78A8ECE1DFE3EAB00853F4E /* Sources */,
				F78A8ECF1DFE3EAB00853F4E /* Frameworks */,
				F78A8ED01DFE3EAB00853F4E /* Resources */,
				4DCA2002D73A365404243400 /* [CP] Embed Pods Frameworks */,
				927E478DDFABAAD319D61B5F /* [CP] Copy Pods Resources */,
			);
			buildRules = (
			);
			dependencies = (
			);
			name = test;
			productName = test;
			productReference = F78A8ED21DFE3EAB00853F4E /* test.app */;
			productType = "com.apple.product-type.application";
		};
/* End PBXNativeTarget section */

/* Begin PBXProject section */
		F78A8ECA1DFE3EAB00853F4E /* Project object */ = {
			isa = PBXProject;
			attributes = {
				LastUpgradeCheck = 0810;
				ORGANIZATIONNAME = topfine;
				TargetAttributes = {
					F78A8ED11DFE3EAB00853F4E = {
						CreatedOnToolsVersion = 8.1;
						DevelopmentTeam = H6AW6ZU7J7;
						ProvisioningStyle = Automatic;
					};
				};
			};
			buildConfigurationList = F78A8ECD1DFE3EAB00853F4E /* Build configuration list for PBXProject "test" */;
			compatibilityVersion = "Xcode 3.2";
			developmentRegion = English;
			hasScannedForEncodings = 0;
			knownRegions = (
				en,
				Base,
			);
			mainGroup = F78A8EC91DFE3EAB00853F4E;
			productRefGroup = F78A8ED31DFE3EAB00853F4E /* Products */;
			projectDirPath = "";
			projectRoot = "";
			targets = (
				F78A8ED11DFE3EAB00853F4E /* test */,
			);
		};
/* End PBXProject section */

/* Begin PBXResourcesBuildPhase section */
		F78A8ED01DFE3EAB00853F4E /* Resources */ = {
			isa = PBXResourcesBuildPhase;
			buildActionMask = 2147483647;
			files = (
				F78A8EE51DFE3EAB00853F4E /* LaunchScreen.storyboard in Resources */,
				F78A8EE21DFE3EAB00853F4E /* Assets.xcassets in Resources */,
				F78A8EE01DFE3EAB00853F4E /* Main.storyboard in Resources */,
			);
			runOnlyForDeploymentPostprocessing = 0;
		};
/* End PBXResourcesBuildPhase section */

/* Begin PBXShellScriptBuildPhase section */
		4DCA2002D73A365404243400 /* [CP] Embed Pods Frameworks */ = {
			isa = PBXShellScriptBuildPhase;
			buildActionMask = 2147483647;
			files = (
			);
			inputPaths = (
			);
			name = "[CP] Embed Pods Frameworks";
			outputPaths = (
			);
			runOnlyForDeploymentPostprocessing = 0;
			shellPath = /bin/sh;
			shellScript = "\"${SRCROOT}/Pods/Target Support Files/Pods-test/Pods-test-frameworks.sh\"\n";
			showEnvVarsInLog = 0;
		};
		927E478DDFABAAD319D61B5F /* [CP] Copy Pods Resources */ = {
			isa = PBXShellScriptBuildPhase;
			buildActionMask = 2147483647;
			files = (
			);
			inputPaths = (
			);
			name = "[CP] Copy Pods Resources";
			outputPaths = (
			);
			runOnlyForDeploymentPostprocessing = 0;
			shellPath = /bin/sh;
			shellScript = "\"${SRCROOT}/Pods/Target Support Files/Pods-test/Pods-test-resources.sh\"\n";
			showEnvVarsInLog = 0;
		};
		9C2C9AFDCB6BD809AAB6DF7D /* [CP] Check Pods Manifest.lock */ = {
			isa = PBXShellScriptBuildPhase;
			buildActionMask = 2147483647;
			files = (
			);
			inputPaths = (
			);
			name = "[CP] Check Pods Manifest.lock";
			outputPaths = (
			);
			runOnlyForDeploymentPostprocessing = 0;
			shellPath = /bin/sh;
			shellScript = "diff \"${PODS_ROOT}/../Podfile.lock\" \"${PODS_ROOT}/Manifest.lock\" > /dev/null\nif [ $? != 0 ] ; then\n    # print error to STDERR\n    echo \"error: The sandbox is not in sync with the Podfile.lock. Run 'pod install' or update your CocoaPods installation.\" >&2\n    exit 1\nfi\n";
			showEnvVarsInLog = 0;
		};
/* End PBXShellScriptBuildPhase section */

/* Begin PBXSourcesBuildPhase section */
		F78A8ECE1DFE3EAB00853F4E /* Sources */ = {
			isa = PBXSourcesBuildPhase;
			buildActionMask = 2147483647;
			files = (
				F83FB2E91E273ADC00A20732 /* LHFSimpleTools.m in Sources */,
				F78A8EDD1DFE3EAB00853F4E /* ViewController.m in Sources */,
				F78A8EDA1DFE3EAB00853F4E /* AppDelegate.m in Sources */,
				F83FB2EC1E27BADB00A20732 /* UIView+Frame.m in Sources */,
				F78A8ED71DFE3EAB00853F4E /* main.m in Sources */,
			);
			runOnlyForDeploymentPostprocessing = 0;
		};
/* End PBXSourcesBuildPhase section */

/* Begin PBXVariantGroup section */
		F78A8EDE1DFE3EAB00853F4E /* Main.storyboard */ = {
			isa = PBXVariantGroup;
			children = (
				F78A8EDF1DFE3EAB00853F4E /* Base */,
			);
			name = Main.storyboard;
			sourceTree = "<group>";
		};
		F78A8EE31DFE3EAB00853F4E /* LaunchScreen.storyboard */ = {
			isa = PBXVariantGroup;
			children = (
				F78A8EE41DFE3EAB00853F4E /* Base */,
			);
			name = LaunchScreen.storyboard;
			sourceTree = "<group>";
		};
/* End PBXVariantGroup section */

/* Begin XCBuildConfiguration section */
		F78A8EE71DFE3EAB00853F4E /* Debug */ = {
			isa = XCBuildConfiguration;
			buildSettings = {
				ALWAYS_SEARCH_USER_PATHS = NO;
				CLANG_ANALYZER_NONNULL = YES;
				CLANG_CXX_LANGUAGE_STANDARD = "gnu++0x";
				CLANG_CXX_LIBRARY = "libc++";
				CLANG_ENABLE_MODULES = YES;
				CLANG_ENABLE_OBJC_ARC = YES;
				CLANG_WARN_BOOL_CONVERSION = YES;
				CLANG_WARN_CONSTANT_CONVERSION = YES;
				CLANG_WARN_DIRECT_OBJC_ISA_USAGE = YES_ERROR;
				CLANG_WARN_DOCUMENTATION_COMMENTS = YES;
				CLANG_WARN_EMPTY_BODY = YES;
				CLANG_WARN_ENUM_CONVERSION = YES;
				CLANG_WARN_INFINITE_RECURSION = YES;
				CLANG_WARN_INT_CONVERSION = YES;
				CLANG_WARN_OBJC_ROOT_CLASS = YES_ERROR;
				CLANG_WARN_SUSPICIOUS_MOVE = YES;
				CLANG_WARN_SUSPICIOUS_MOVES = YES;
				CLANG_WARN_UNREACHABLE_CODE = YES;
				CLANG_WARN__DUPLICATE_METHOD_MATCH = YES;
				"CODE_SIGN_IDENTITY[sdk=iphoneos*]" = "iPhone Developer";
				COPY_PHASE_STRIP = NO;
				DEBUG_INFORMATION_FORMAT = dwarf;
				ENABLE_STRICT_OBJC_MSGSEND = YES;
				ENABLE_TESTABILITY = YES;
				GCC_C_LANGUAGE_STANDARD = gnu99;
				GCC_DYNAMIC_NO_PIC = NO;
				GCC_NO_COMMON_BLOCKS = YES;
				GCC_OPTIMIZATION_LEVEL = 0;
				GCC_PREPROCESSOR_DEFINITIONS = (
					"DEBUG=1",
					"$(inherited)",
				);
				GCC_WARN_64_TO_32_BIT_CONVERSION = YES;
				GCC_WARN_ABOUT_RETURN_TYPE = YES_ERROR;
				GCC_WARN_UNDECLARED_SELECTOR = YES;
				GCC_WARN_UNINITIALIZED_AUTOS = YES_AGGRESSIVE;
				GCC_WARN_UNUSED_FUNCTION = YES;
				GCC_WARN_UNUSED_VARIABLE = YES;
				IPHONEOS_DEPLOYMENT_TARGET = 10.1;
				MTL_ENABLE_DEBUG_INFO = YES;
				ONLY_ACTIVE_ARCH = YES;
				SDKROOT = iphoneos;
				TARGETED_DEVICE_FAMILY = "1,2";
			};
			name = Debug;
		};
		F78A8EE81DFE3EAB00853F4E /* Release */ = {
			isa = XCBuildConfiguration;
			buildSettings = {
				ALWAYS_SEARCH_USER_PATHS = NO;
				CLANG_ANALYZER_NONNULL = YES;
				CLANG_CXX_LANGUAGE_STANDARD = "gnu++0x";
				CLANG_CXX_LIBRARY = "libc++";
				CLANG_ENABLE_MODULES = YES;
				CLANG_ENABLE_OBJC_ARC = YES;
				CLANG_WARN_BOOL_CONVERSION = YES;
				CLANG_WARN_CONSTANT_CONVERSION = YES;
				CLANG_WARN_DIRECT_OBJC_ISA_USAGE = YES_ERROR;
				CLANG_WARN_DOCUMENTATION_COMMENTS = YES;
				CLANG_WARN_EMPTY_BODY = YES;
				CLANG_WARN_ENUM_CONVERSION = YES;
				CLANG_WARN_INFINITE_RECURSION = YES;
				CLANG_WARN_INT_CONVERSION = YES;
				CLANG_WARN_OBJC_ROOT_CLASS = YES_ERROR;
				CLANG_WARN_SUSPICIOUS_MOVE = YES;
				CLANG_WARN_SUSPICIOUS_MOVES = YES;
				CLANG_WARN_UNREACHABLE_CODE = YES;
				CLANG_WARN__DUPLICATE_METHOD_MATCH = YES;
				"CODE_SIGN_IDENTITY[sdk=iphoneos*]" = "iPhone Developer";
				COPY_PHASE_STRIP = NO;
				DEBUG_INFORMATION_FORMAT = "dwarf-with-dsym";
				ENABLE_NS_ASSERTIONS = NO;
				ENABLE_STRICT_OBJC_MSGSEND = YES;
				GCC_C_LANGUAGE_STANDARD = gnu99;
				GCC_NO_COMMON_BLOCKS = YES;
				GCC_WARN_64_TO_32_BIT_CONVERSION = YES;
				GCC_WARN_ABOUT_RETURN_TYPE = YES_ERROR;
				GCC_WARN_UNDECLARED_SELECTOR = YES;
				GCC_WARN_UNINITIALIZED_AUTOS = YES_AGGRESSIVE;
				GCC_WARN_UNUSED_FUNCTION = YES;
				GCC_WARN_UNUSED_VARIABLE = YES;
				IPHONEOS_DEPLOYMENT_TARGET = 10.1;
				MTL_ENABLE_DEBUG_INFO = NO;
				SDKROOT = iphoneos;
				TARGETED_DEVICE_FAMILY = "1,2";
				VALIDATE_PRODUCT = YES;
			};
			name = Release;
		};
		F78A8EEA1DFE3EAB00853F4E /* Debug */ = {
			isa = XCBuildConfiguration;
			baseConfigurationReference = 276D4E791B2BEFCA0A97388F /* Pods-test.debug.xcconfig */;
			buildSettings = {
				ASSETCATALOG_COMPILER_APPICON_NAME = AppIcon;
				DEVELOPMENT_TEAM = H6AW6ZU7J7;
				INFOPLIST_FILE = test/Info.plist;
				IPHONEOS_DEPLOYMENT_TARGET = 8.0;
				LD_RUNPATH_SEARCH_PATHS = "$(inherited) @executable_path/Frameworks";
				PRODUCT_BUNDLE_IDENTIFIER = "-797798970.test";
				PRODUCT_NAME = "$(TARGET_NAME)";
			};
			name = Debug;
		};
		F78A8EEB1DFE3EAB00853F4E /* Release */ = {
			isa = XCBuildConfiguration;
			baseConfigurationReference = 10A134F10BEF05C7E0C55C19 /* Pods-test.release.xcconfig */;
			buildSettings = {
				ASSETCATALOG_COMPILER_APPICON_NAME = AppIcon;
				DEVELOPMENT_TEAM = H6AW6ZU7J7;
				INFOPLIST_FILE = test/Info.plist;
				IPHONEOS_DEPLOYMENT_TARGET = 8.0;
				LD_RUNPATH_SEARCH_PATHS = "$(inherited) @executable_path/Frameworks";
				PRODUCT_BUNDLE_IDENTIFIER = "-797798970.test";
				PRODUCT_NAME = "$(TARGET_NAME)";
			};
			name = Release;
		};
/* End XCBuildConfiguration section */

/* Begin XCConfigurationList section */
		F78A8ECD1DFE3EAB00853F4E /* Build configuration list for PBXProject "test" */ = {
			isa = XCConfigurationList;
			buildConfigurations = (
				F78A8EE71DFE3EAB00853F4E /* Debug */,
				F78A8EE81DFE3EAB00853F4E /* Release */,
			);
			defaultConfigurationIsVisible = 0;
			defaultConfigurationName = Release;
		};
		F78A8EE91DFE3EAB00853F4E /* Build configuration list for PBXNativeTarget "test" */ = {
			isa = XCConfigurationList;
			buildConfigurations = (
				F78A8EEA1DFE3EAB00853F4E /* Debug */,
				F78A8EEB1DFE3EAB00853F4E /* Release */,
			);
			defaultConfigurationIsVisible = 0;
			defaultConfigurationName = Release;
		};
/* End XCConfigurationList section */
	};
	rootObject = F78A8ECA1DFE3EAB00853F4E /* Project object */;
}
